
Microsoft Visual Studio Solution File, Format Version 12.00
# Visual Studio Version 17
VisualStudioVersion = 17.1.32407.343
MinimumVisualStudioVersion = 10.0.40219.1
Project("{2150E333-8FDC-42A3-9474-1A3956D46DE8}") = "TicketShop", "TicketShop", "{A7F51EF8-4C8D-40CC-A586-16108840448C}"
EndProject
Project("{9A19103F-16F7-4668-BE54-9A1E7A4F7556}") = "TicketShop.Web", "TicketShop.Web\TicketShop.Web.csproj", "{74987460-A1B1-49BB-B4C0-5147B2590B24}"
EndProject
Project("{FAE04EC0-301F-11D3-BF4B-00C04F79EFBC}") = "TicketShop.Domain", "TicketShop.Domain\TicketShop.Domain.csproj", "{A0C7DFDB-BB90-49A5-85F8-7F00065630E4}"
EndProject
Project("{FAE04EC0-301F-11D3-BF4B-00C04F79EFBC}") = "TicketShop.Repository", "TicketShop.Repository\TicketShop.Repository.csproj", "{DC485EF1-10B4-469C-B64C-4B60544DA44B}"
EndProject
Project("{FAE04EC0-301F-11D3-BF4B-00C04F79EFBC}") = "TicketShop.Services", "TicketShop.Services\TicketShop.Services.csproj", "{D964F16A-55CA-441A-8EE7-2C185694F6D4}"
EndProject
Global
	GlobalSection(SolutionConfigurationPlatforms) = preSolution
		Debug|Any CPU = Debug|Any CPU
		Release|Any CPU = Release|Any CPU
	EndGlobalSection
	GlobalSection(ProjectConfigurationPlatforms) = postSolution
		{74987460-A1B1-49BB-B4C0-5147B2590B24}.Debug|Any CPU.ActiveCfg = Debug|Any CPU
		{74987460-A1B1-49BB-B4C0-5147B2590B24}.Debug|Any CPU.Build.0 = Debug|Any CPU
		{74987460-A1B1-49BB-B4C0-5147B2590B24}.Release|Any CPU.ActiveCfg = Release|Any CPU
		{74987460-A1B1-49BB-B4C0-5147B2590B24}.Release|Any CPU.Build.0 = Release|Any CPU
		{A0C7DFDB-BB90-49A5-85F8-7F00065630E4}.Debug|Any CPU.ActiveCfg = Debug|Any CPU
		{A0C7DFDB-BB90-49A5-85F8-7F00065630E4}.Debug|Any CPU.Build.0 = Debug|Any CPU
		{A0C7DFDB-BB90-49A5-85F8-7F00065630E4}.Release|Any CPU.ActiveCfg = Release|Any CPU
		{A0C7DFDB-BB90-49A5-85F8-7F00065630E4}.Release|Any CPU.Build.0 = Release|Any CPU
		{DC485EF1-10B4-469C-B64C-4B60544DA44B}.Debug|Any CPU.ActiveCfg = Debug|Any CPU
		{DC485EF1-10B4-469C-B64C-4B60544DA44B}.Debug|Any CPU.Build.0 = Debug|Any CPU
		{DC485EF1-10B4-469C-B64C-4B60544DA44B}.Release|Any CPU.ActiveCfg = Release|Any CPU
		{DC485EF1-10B4-469C-B64C-4B60544DA44B}.Release|Any CPU.Build.0 = Release|Any CPU
		{D964F16A-55CA-441A-8EE7-2C185694F6D4}.Debug|Any CPU.ActiveCfg = Debug|Any CPU
		{D964F16A-55CA-441A-8EE7-2C185694F6D4}.Debug|Any CPU.Build.0 = Debug|Any CPU
		{D964F16A-55CA-441A-8EE7-2C185694F6D4}.Release|Any CPU.ActiveCfg = Release|Any CPU
		{D964F16A-55CA-441A-8EE7-2C185694F6D4}.Release|Any CPU.Build.0 = Release|Any CPU
	EndGlobalSection
	GlobalSection(SolutionProperties) = preSolution
		HideSolutionNode = FALSE
	EndGlobalSection
	GlobalSection(NestedProjects) = preSolution
		{74987460-A1B1-49BB-B4C0-5147B2590B24} = {A7F51EF8-4C8D-40CC-A586-16108840448C}
		{A0C7DFDB-BB90-49A5-85F8-7F00065630E4} = {A7F51EF8-4C8D-40CC-A586-16108840448C}
		{DC485EF1-10B4-469C-B64C-4B60544DA44B} = {A7F51EF8-4C8D-40CC-A586-16108840448C}
		{D964F16A-55CA-441A-8EE7-2C185694F6D4} = {A7F51EF8-4C8D-40CC-A586-16108840448C}
	EndGlobalSection
	GlobalSection(ExtensibilityGlobals) = postSolution
		SolutionGuid = {0E8BFC15-C3BD-42E8-A44B-5BBDBDFB2449}
	EndGlobalSection
EndGlobal
